
Microsoft Visual Studio Solution File, Format Version 10.00
# Visual Studio 2008
Project("{FAE04EC0-301F-11D3-BF4B-00C04F79EFBC}") = "br.ufc.mdcc.common.Data", "..\br.ufc.mdcc.common.Data\br.ufc.mdcc.common.Data\br.ufc.mdcc.common.Data.csproj", "{7CEA4BF7-37CD-4F93-B603-CF5FB9239B1F}"
EndProject
Project("{2150E333-8FDC-42A3-9474-1A3956D46DE8}") = "Solution Items", "Solution Items", "{8565540D-B642-4992-93DD-E4D26B2667C4}"
	ProjectSection(SolutionItems) = preProject
		DGAC.dll = DGAC.dll
	EndProjectSection
EndProject
Project("{FAE04EC0-301F-11D3-BF4B-00C04F79EFBC}") = "br.ufc.mdcc.common.Iterator", "..\br.ufc.mdcc.common.Iterator\br.ufc.mdcc.common.Iterator\br.ufc.mdcc.common.Iterator.csproj", "{807A087E-123C-4745-B029-C31FC9458A61}"
EndProject
Project("{FAE04EC0-301F-11D3-BF4B-00C04F79EFBC}") = "br.ufc.mdcc.common.KVPair", "..\br.ufc.mdcc.common.KVPair\br.ufc.mdcc.common.KVPair\br.ufc.mdcc.common.KVPair.csproj", "{9B499C49-DA84-475A-B783-2A3D2DEAAA97}"
EndProject
Project("{FAE04EC0-301F-11D3-BF4B-00C04F79EFBC}") = "br.ufc.mdcc.common.Platform", "..\br.ufc.mdcc.common.Platform\br.ufc.mdcc.common.Platform\br.ufc.mdcc.common.Platform.csproj", "{64735B4D-4D79-4F10-A191-6A3A9F9D54EB}"
EndProject
Project("{FAE04EC0-301F-11D3-BF4B-00C04F79EFBC}") = "br.ufc.mdcc.farm.Work", "..\br.ufc.mdcc.farm.Work\br.ufc.mdcc.farm.Work\br.ufc.mdcc.farm.Work.csproj", "{C95BA7E0-8C6A-460F-99AB-288939D2E2F8}"
EndProject
Project("{FAE04EC0-301F-11D3-BF4B-00C04F79EFBC}") = "br.ufc.mdcc.farm.Scatter", "..\br.ufc.mdcc.farm.Scatter\br.ufc.mdcc.farm.Scatter\br.ufc.mdcc.farm.Scatter.csproj", "{2AE129B3-F4A5-4FD3-8993-E509EA33B483}"
EndProject
Project("{FAE04EC0-301F-11D3-BF4B-00C04F79EFBC}") = "br.ufc.mdcc.farm.Gather", "..\br.ufc.mdcc.farm.Gather\br.ufc.mdcc.farm.Gather\br.ufc.mdcc.farm.Gather.csproj", "{9DA059EA-4AA4-405C-99FF-0885C76C4F13}"
EndProject
Project("{FAE04EC0-301F-11D3-BF4B-00C04F79EFBC}") = "br.ufc.mdcc.farm.Farm", "..\br.ufc.mdcc.farm.Farm\br.ufc.mdcc.farm.Farm\br.ufc.mdcc.farm.Farm.csproj", "{F1CADCC4-1603-426B-B1A5-B60F310897C5}"
EndProject
Project("{FAE04EC0-301F-11D3-BF4B-00C04F79EFBC}") = "br.ufc.mdcc.mapreduce.user.SplitFunction", "..\br.ufc.mdcc.mapreduce.user.SplitFunction\br.ufc.mdcc.mapreduce.user.SplitFunction\br.ufc.mdcc.mapreduce.user.SplitFunction.csproj", "{FD95AF1A-F8EF-4FB2-A648-2558D083E29E}"
EndProject
Project("{FAE04EC0-301F-11D3-BF4B-00C04F79EFBC}") = "br.ufc.mdcc.mapreduce.user.ReduceFunction", "..\br.ufc.mdcc.mapreduce.user.ReduceFunction\br.ufc.mdcc.mapreduce.user.ReduceFunction\br.ufc.mdcc.mapreduce.user.ReduceFunction.csproj", "{F5906E26-64FC-4968-9A30-8C57BF44A4D7}"
EndProject
Project("{FAE04EC0-301F-11D3-BF4B-00C04F79EFBC}") = "br.ufc.mdcc.mapreduce.user.PartitionFunction", "..\br.ufc.mdcc.mapreduce.user.PartitionFunction\br.ufc.mdcc.mapreduce.user.PartitionFunction\br.ufc.mdcc.mapreduce.user.PartitionFunction.csproj", "{21CB6D51-9815-487F-8691-DD74F3AB81C1}"
EndProject
Project("{FAE04EC0-301F-11D3-BF4B-00C04F79EFBC}") = "br.ufc.mdcc.mapreduce.splitter.ScatterSplitData", "..\br.ufc.mdcc.mapreduce.splitter.ScatterSplitData\br.ufc.mdcc.mapreduce.splitter.ScatterSplitData\br.ufc.mdcc.mapreduce.splitter.ScatterSplitData.csproj", "{BDAF5468-ECBD-4F4F-8430-8990328CF943}"
EndProject
Project("{FAE04EC0-301F-11D3-BF4B-00C04F79EFBC}") = "br.ufc.mdcc.mapreduce.Splitter", "..\br.ufc.mdcc.mapreduce.Splitter\br.ufc.mdcc.mapreduce.Splitter\br.ufc.mdcc.mapreduce.Splitter.csproj", "{5A92B566-5783-44E5-A395-03CB4BFB9DA1}"
EndProject
Project("{FAE04EC0-301F-11D3-BF4B-00C04F79EFBC}") = "br.ufc.mdcc.mapreduce.Reducer", "..\br.ufc.mdcc.mapreduce.Reducer\br.ufc.mdcc.mapreduce.Reducer\br.ufc.mdcc.mapreduce.Reducer.csproj", "{F6EA2E8B-FBB9-4386-ACA2-506419BB00BE}"
EndProject
Project("{FAE04EC0-301F-11D3-BF4B-00C04F79EFBC}") = "br.ufc.mdcc.mapreduce.Shuffler", "..\br.ufc.mdcc.mapreduce.Shuffler\br.ufc.mdcc.mapreduce.Shuffler\br.ufc.mdcc.mapreduce.Shuffler.csproj", "{9BF252CF-4C94-4C0C-ACEA-BB10000BCFEE}"
EndProject
Project("{FAE04EC0-301F-11D3-BF4B-00C04F79EFBC}") = "br.ufc.mdcc.mapreduce.Partitioner", "..\br.ufc.mdcc.mapreduce.Partitioner\br.ufc.mdcc.mapreduce.Partitioner\br.ufc.mdcc.mapreduce.Partitioner.csproj", "{FC3836A0-1FD7-466F-B415-18B344E424C2}"
EndProject
Project("{FAE04EC0-301F-11D3-BF4B-00C04F79EFBC}") = "br.ufc.mdcc.mapreduce.Mapper", "..\br.ufc.mdcc.mapreduce.Mapper\br.ufc.mdcc.mapreduce.Mapper\br.ufc.mdcc.mapreduce.Mapper.csproj", "{D3192533-E713-4440-8057-D28B1C88E5FE}"
EndProject
Project("{FAE04EC0-301F-11D3-BF4B-00C04F79EFBC}") = "br.ufc.mdcc.mapreduce.Combiner", "..\br.ufc.mdcc.mapreduce.Combiner\br.ufc.mdcc.mapreduce.Combiner\br.ufc.mdcc.mapreduce.Combiner.csproj", "{E7A8C1A8-33A9-466A-8964-C9935E8776BF}"
EndProject
Project("{FAE04EC0-301F-11D3-BF4B-00C04F79EFBC}") = "br.ufc.mdcc.mapreduce.MapReduce", "..\br.ufc.mdcc.mapreduce.MapReduce\br.ufc.mdcc.mapreduce.MapReduce\br.ufc.mdcc.mapreduce.MapReduce.csproj", "{DE0E927C-B15F-4C8C-B26F-BC618F85F4C6}"
EndProject
Project("{FAE04EC0-301F-11D3-BF4B-00C04F79EFBC}") = "br.ufc.mdcc.mapreduce.user.MapFunction", "..\br.ufc.mdcc.mapreduce.user.MapFunction\br.ufc.mdcc.mapreduce.user.MapFunction\br.ufc.mdcc.mapreduce.user.MapFunction.csproj", "{D3459919-33DE-4C10-AFA7-2C49056E6F2D}"
EndProject
Project("{FAE04EC0-301F-11D3-BF4B-00C04F79EFBC}") = "MapReduce-for-HPE", "MapReduce-for-HPE\MapReduce-for-HPE.csproj", "{7AE08D52-2EA4-48E4-B7B9-379C3789B2B5}"
EndProject
Project("{FAE04EC0-301F-11D3-BF4B-00C04F79EFBC}") = "br.ufc.mdcc.common.impl.IteratorImpl", "..\br.ufc.mdcc.common.impl.IteratorImpl\br.ufc.mdcc.common.impl.IteratorImpl\br.ufc.mdcc.common.impl.IteratorImpl.csproj", "{BCB96804-B787-4ED7-BB0F-127F3649E5D7}"
EndProject
Project("{FAE04EC0-301F-11D3-BF4B-00C04F79EFBC}") = "br.ufc.mdcc.farm.impl.FarmImpl", "..\br.ufc.mdcc.farm.impl.FarmImpl\br.ufc.mdcc.farm.impl.FarmImpl\br.ufc.mdcc.farm.impl.FarmImpl.csproj", "{1FC35A17-C8A1-4E38-8B78-26E9197BD14B}"
EndProject
Project("{FAE04EC0-301F-11D3-BF4B-00C04F79EFBC}") = "br.ufc.mdcc.mapreduce.impl.CombinerImpl", "..\br.ufc.mdcc.mapreduce.impl.CombinerImpl\br.ufc.mdcc.mapreduce.impl.CombinerImpl\br.ufc.mdcc.mapreduce.impl.CombinerImpl.csproj", "{5E472423-2B58-4E49-AB15-4C13ABEEEF19}"
EndProject
Project("{FAE04EC0-301F-11D3-BF4B-00C04F79EFBC}") = "br.ufc.mdcc.mapreduce.impl.MapperImpl", "..\br.ufc.mdcc.mapreduce.impl.MapperImpl\br.ufc.mdcc.mapreduce.impl.MapperImpl\br.ufc.mdcc.mapreduce.impl.MapperImpl.csproj", "{828FE7DF-3B54-46CE-98B5-F8D12121906A}"
EndProject
Project("{FAE04EC0-301F-11D3-BF4B-00C04F79EFBC}") = "br.ufc.mdcc.mapreduce.impl.MapReduceMPIImpl", "..\br.ufc.mdcc.mapreduce.impl.MapReduceMPIImpl\br.ufc.mdcc.mapreduce.impl.MapReduceMPIImpl\br.ufc.mdcc.mapreduce.impl.MapReduceMPIImpl.csproj", "{35D8FE1B-C688-4E4B-BD73-B3473F31DDB2}"
EndProject
Project("{FAE04EC0-301F-11D3-BF4B-00C04F79EFBC}") = "br.ufc.mdcc.mapreduce.impl.PartitionerImpl", "..\br.ufc.mdcc.mapreduce.impl.PartitionerImpl\br.ufc.mdcc.mapreduce.impl.PartitionerImpl\br.ufc.mdcc.mapreduce.impl.PartitionerImpl.csproj", "{64D5EDB6-C44D-42D9-910C-7178560725C2}"
EndProject
Project("{FAE04EC0-301F-11D3-BF4B-00C04F79EFBC}") = "br.ufc.mdcc.mapreduce.impl.ReducerImpl", "..\br.ufc.mdcc.mapreduce.impl.ReducerImpl\br.ufc.mdcc.mapreduce.impl.ReducerImpl\br.ufc.mdcc.mapreduce.impl.ReducerImpl.csproj", "{7C5D2876-4BB1-4888-82E3-EED6C5720131}"
EndProject
Project("{FAE04EC0-301F-11D3-BF4B-00C04F79EFBC}") = "br.ufc.mdcc.mapreduce.impl.ShufflerImpl", "..\br.ufc.mdcc.mapreduce.impl.ShufflerImpl\br.ufc.mdcc.mapreduce.impl.ShufflerImpl\br.ufc.mdcc.mapreduce.impl.ShufflerImpl.csproj", "{33EFECF4-F0AF-4B9F-A2D7-96664950DCF9}"
EndProject
Project("{FAE04EC0-301F-11D3-BF4B-00C04F79EFBC}") = "br.ufc.mdcc.mapreduce.impl.SplitterImpl", "..\br.ufc.mdcc.mapreduce.impl.SplitterImpl\br.ufc.mdcc.mapreduce.impl.SplitterImpl\br.ufc.mdcc.mapreduce.impl.SplitterImpl.csproj", "{ADBC203E-3234-489B-B8D3-57D8484C99E3}"
EndProject
Project("{FAE04EC0-301F-11D3-BF4B-00C04F79EFBC}") = "br.ufc.mdcc.mapreduce.splitter.impl.ScatterSplitDataImpl", "..\br.ufc.mdcc.mapreduce.splitter.impl.ScatterSplitDataImpl\br.ufc.mdcc.mapreduce.splitter.impl.ScatterSplitDataImpl\br.ufc.mdcc.mapreduce.splitter.impl.ScatterSplitDataImpl.csproj", "{D5679D9B-13B8-4369-9320-92707D3F175E}"
EndProject
Project("{FAE04EC0-301F-11D3-BF4B-00C04F79EFBC}") = "br.ufc.mdcc.common.impl.KVPairImpl", "..\br.ufc.mdcc.common.impl.KVPairImpl\br.ufc.mdcc.common.impl.KVPairImpl\br.ufc.mdcc.common.impl.KVPairImpl.csproj", "{9A02D2DD-0967-4810-A845-3EDE50DDE195}"
EndProject
Global
	GlobalSection(SolutionConfigurationPlatforms) = preSolution
		Debug|x86 = Debug|x86
		Release|x86 = Release|x86
	EndGlobalSection
	GlobalSection(ProjectConfigurationPlatforms) = postSolution
		{1FC35A17-C8A1-4E38-8B78-26E9197BD14B}.Debug|x86.ActiveCfg = Debug|Any CPU
		{1FC35A17-C8A1-4E38-8B78-26E9197BD14B}.Debug|x86.Build.0 = Debug|Any CPU
		{1FC35A17-C8A1-4E38-8B78-26E9197BD14B}.Release|x86.ActiveCfg = Release|Any CPU
		{1FC35A17-C8A1-4E38-8B78-26E9197BD14B}.Release|x86.Build.0 = Release|Any CPU
		{21CB6D51-9815-487F-8691-DD74F3AB81C1}.Debug|x86.ActiveCfg = Debug|Any CPU
		{21CB6D51-9815-487F-8691-DD74F3AB81C1}.Debug|x86.Build.0 = Debug|Any CPU
		{21CB6D51-9815-487F-8691-DD74F3AB81C1}.Release|x86.ActiveCfg = Release|Any CPU
		{21CB6D51-9815-487F-8691-DD74F3AB81C1}.Release|x86.Build.0 = Release|Any CPU
		{2AE129B3-F4A5-4FD3-8993-E509EA33B483}.Debug|x86.ActiveCfg = Debug|Any CPU
		{2AE129B3-F4A5-4FD3-8993-E509EA33B483}.Debug|x86.Build.0 = Debug|Any CPU
		{2AE129B3-F4A5-4FD3-8993-E509EA33B483}.Release|x86.ActiveCfg = Release|Any CPU
		{2AE129B3-F4A5-4FD3-8993-E509EA33B483}.Release|x86.Build.0 = Release|Any CPU
		{33EFECF4-F0AF-4B9F-A2D7-96664950DCF9}.Debug|x86.ActiveCfg = Debug|Any CPU
		{33EFECF4-F0AF-4B9F-A2D7-96664950DCF9}.Debug|x86.Build.0 = Debug|Any CPU
		{33EFECF4-F0AF-4B9F-A2D7-96664950DCF9}.Release|x86.ActiveCfg = Release|Any CPU
		{33EFECF4-F0AF-4B9F-A2D7-96664950DCF9}.Release|x86.Build.0 = Release|Any CPU
		{35D8FE1B-C688-4E4B-BD73-B3473F31DDB2}.Debug|x86.ActiveCfg = Debug|Any CPU
		{35D8FE1B-C688-4E4B-BD73-B3473F31DDB2}.Debug|x86.Build.0 = Debug|Any CPU
		{35D8FE1B-C688-4E4B-BD73-B3473F31DDB2}.Release|x86.ActiveCfg = Release|Any CPU
		{35D8FE1B-C688-4E4B-BD73-B3473F31DDB2}.Release|x86.Build.0 = Release|Any CPU
		{5A92B566-5783-44E5-A395-03CB4BFB9DA1}.Debug|x86.ActiveCfg = Debug|Any CPU
		{5A92B566-5783-44E5-A395-03CB4BFB9DA1}.Debug|x86.Build.0 = Debug|Any CPU
		{5A92B566-5783-44E5-A395-03CB4BFB9DA1}.Release|x86.ActiveCfg = Release|Any CPU
		{5A92B566-5783-44E5-A395-03CB4BFB9DA1}.Release|x86.Build.0 = Release|Any CPU
		{5E472423-2B58-4E49-AB15-4C13ABEEEF19}.Debug|x86.ActiveCfg = Debug|Any CPU
		{5E472423-2B58-4E49-AB15-4C13ABEEEF19}.Debug|x86.Build.0 = Debug|Any CPU
		{5E472423-2B58-4E49-AB15-4C13ABEEEF19}.Release|x86.ActiveCfg = Release|Any CPU
		{5E472423-2B58-4E49-AB15-4C13ABEEEF19}.Release|x86.Build.0 = Release|Any CPU
		{64735B4D-4D79-4F10-A191-6A3A9F9D54EB}.Debug|x86.ActiveCfg = Debug|Any CPU
		{64735B4D-4D79-4F10-A191-6A3A9F9D54EB}.Debug|x86.Build.0 = Debug|Any CPU
		{64735B4D-4D79-4F10-A191-6A3A9F9D54EB}.Release|x86.ActiveCfg = Release|Any CPU
		{64735B4D-4D79-4F10-A191-6A3A9F9D54EB}.Release|x86.Build.0 = Release|Any CPU
		{64D5EDB6-C44D-42D9-910C-7178560725C2}.Debug|x86.ActiveCfg = Debug|Any CPU
		{64D5EDB6-C44D-42D9-910C-7178560725C2}.Debug|x86.Build.0 = Debug|Any CPU
		{64D5EDB6-C44D-42D9-910C-7178560725C2}.Release|x86.ActiveCfg = Release|Any CPU
		{64D5EDB6-C44D-42D9-910C-7178560725C2}.Release|x86.Build.0 = Release|Any CPU
		{7AE08D52-2EA4-48E4-B7B9-379C3789B2B5}.Debug|x86.ActiveCfg = Debug|x86
		{7AE08D52-2EA4-48E4-B7B9-379C3789B2B5}.Debug|x86.Build.0 = Debug|x86
		{7AE08D52-2EA4-48E4-B7B9-379C3789B2B5}.Release|x86.ActiveCfg = Release|x86
		{7AE08D52-2EA4-48E4-B7B9-379C3789B2B5}.Release|x86.Build.0 = Release|x86
		{7C5D2876-4BB1-4888-82E3-EED6C5720131}.Debug|x86.ActiveCfg = Debug|Any CPU
		{7C5D2876-4BB1-4888-82E3-EED6C5720131}.Debug|x86.Build.0 = Debug|Any CPU
		{7C5D2876-4BB1-4888-82E3-EED6C5720131}.Release|x86.ActiveCfg = Release|Any CPU
		{7C5D2876-4BB1-4888-82E3-EED6C5720131}.Release|x86.Build.0 = Release|Any CPU
		{7CEA4BF7-37CD-4F93-B603-CF5FB9239B1F}.Debug|x86.ActiveCfg = Debug|Any CPU
		{7CEA4BF7-37CD-4F93-B603-CF5FB9239B1F}.Debug|x86.Build.0 = Debug|Any CPU
		{7CEA4BF7-37CD-4F93-B603-CF5FB9239B1F}.Release|x86.ActiveCfg = Release|Any CPU
		{7CEA4BF7-37CD-4F93-B603-CF5FB9239B1F}.Release|x86.Build.0 = Release|Any CPU
		{807A087E-123C-4745-B029-C31FC9458A61}.Debug|x86.ActiveCfg = Debug|Any CPU
		{807A087E-123C-4745-B029-C31FC9458A61}.Debug|x86.Build.0 = Debug|Any CPU
		{807A087E-123C-4745-B029-C31FC9458A61}.Release|x86.ActiveCfg = Release|Any CPU
		{807A087E-123C-4745-B029-C31FC9458A61}.Release|x86.Build.0 = Release|Any CPU
		{828FE7DF-3B54-46CE-98B5-F8D12121906A}.Debug|x86.ActiveCfg = Debug|Any CPU
		{828FE7DF-3B54-46CE-98B5-F8D12121906A}.Debug|x86.Build.0 = Debug|Any CPU
		{828FE7DF-3B54-46CE-98B5-F8D12121906A}.Release|x86.ActiveCfg = Release|Any CPU
		{828FE7DF-3B54-46CE-98B5-F8D12121906A}.Release|x86.Build.0 = Release|Any CPU
		{9A02D2DD-0967-4810-A845-3EDE50DDE195}.Debug|x86.ActiveCfg = Debug|Any CPU
		{9A02D2DD-0967-4810-A845-3EDE50DDE195}.Debug|x86.Build.0 = Debug|Any CPU
		{9A02D2DD-0967-4810-A845-3EDE50DDE195}.Release|x86.ActiveCfg = Release|Any CPU
		{9A02D2DD-0967-4810-A845-3EDE50DDE195}.Release|x86.Build.0 = Release|Any CPU
		{9B499C49-DA84-475A-B783-2A3D2DEAAA97}.Debug|x86.ActiveCfg = Debug|Any CPU
		{9B499C49-DA84-475A-B783-2A3D2DEAAA97}.Debug|x86.Build.0 = Debug|Any CPU
		{9B499C49-DA84-475A-B783-2A3D2DEAAA97}.Release|x86.ActiveCfg = Release|Any CPU
		{9B499C49-DA84-475A-B783-2A3D2DEAAA97}.Release|x86.Build.0 = Release|Any CPU
		{9BF252CF-4C94-4C0C-ACEA-BB10000BCFEE}.Debug|x86.ActiveCfg = Debug|Any CPU
		{9BF252CF-4C94-4C0C-ACEA-BB10000BCFEE}.Debug|x86.Build.0 = Debug|Any CPU
		{9BF252CF-4C94-4C0C-ACEA-BB10000BCFEE}.Release|x86.ActiveCfg = Release|Any CPU
		{9BF252CF-4C94-4C0C-ACEA-BB10000BCFEE}.Release|x86.Build.0 = Release|Any CPU
		{9DA059EA-4AA4-405C-99FF-0885C76C4F13}.Debug|x86.ActiveCfg = Debug|Any CPU
		{9DA059EA-4AA4-405C-99FF-0885C76C4F13}.Debug|x86.Build.0 = Debug|Any CPU
		{9DA059EA-4AA4-405C-99FF-0885C76C4F13}.Release|x86.ActiveCfg = Release|Any CPU
		{9DA059EA-4AA4-405C-99FF-0885C76C4F13}.Release|x86.Build.0 = Release|Any CPU
		{ADBC203E-3234-489B-B8D3-57D8484C99E3}.Debug|x86.ActiveCfg = Debug|Any CPU
		{ADBC203E-3234-489B-B8D3-57D8484C99E3}.Debug|x86.Build.0 = Debug|Any CPU
		{ADBC203E-3234-489B-B8D3-57D8484C99E3}.Release|x86.ActiveCfg = Release|Any CPU
		{ADBC203E-3234-489B-B8D3-57D8484C99E3}.Release|x86.Build.0 = Release|Any CPU
		{BCB96804-B787-4ED7-BB0F-127F3649E5D7}.Debug|x86.ActiveCfg = Debug|Any CPU
		{BCB96804-B787-4ED7-BB0F-127F3649E5D7}.Debug|x86.Build.0 = Debug|Any CPU
		{BCB96804-B787-4ED7-BB0F-127F3649E5D7}.Release|x86.ActiveCfg = Release|Any CPU
		{BCB96804-B787-4ED7-BB0F-127F3649E5D7}.Release|x86.Build.0 = Release|Any CPU
		{BDAF5468-ECBD-4F4F-8430-8990328CF943}.Debug|x86.ActiveCfg = Debug|Any CPU
		{BDAF5468-ECBD-4F4F-8430-8990328CF943}.Debug|x86.Build.0 = Debug|Any CPU
		{BDAF5468-ECBD-4F4F-8430-8990328CF943}.Release|x86.ActiveCfg = Release|Any CPU
		{BDAF5468-ECBD-4F4F-8430-8990328CF943}.Release|x86.Build.0 = Release|Any CPU
		{C95BA7E0-8C6A-460F-99AB-288939D2E2F8}.Debug|x86.ActiveCfg = Debug|Any CPU
		{C95BA7E0-8C6A-460F-99AB-288939D2E2F8}.Debug|x86.Build.0 = Debug|Any CPU
		{C95BA7E0-8C6A-460F-99AB-288939D2E2F8}.Release|x86.ActiveCfg = Release|Any CPU
		{C95BA7E0-8C6A-460F-99AB-288939D2E2F8}.Release|x86.Build.0 = Release|Any CPU
		{D3192533-E713-4440-8057-D28B1C88E5FE}.Debug|x86.ActiveCfg = Debug|Any CPU
		{D3192533-E713-4440-8057-D28B1C88E5FE}.Debug|x86.Build.0 = Debug|Any CPU
		{D3192533-E713-4440-8057-D28B1C88E5FE}.Release|x86.ActiveCfg = Release|Any CPU
		{D3192533-E713-4440-8057-D28B1C88E5FE}.Release|x86.Build.0 = Release|Any CPU
		{D3459919-33DE-4C10-AFA7-2C49056E6F2D}.Debug|x86.ActiveCfg = Debug|Any CPU
		{D3459919-33DE-4C10-AFA7-2C49056E6F2D}.Debug|x86.Build.0 = Debug|Any CPU
		{D3459919-33DE-4C10-AFA7-2C49056E6F2D}.Release|x86.ActiveCfg = Release|Any CPU
		{D3459919-33DE-4C10-AFA7-2C49056E6F2D}.Release|x86.Build.0 = Release|Any CPU
		{D5679D9B-13B8-4369-9320-92707D3F175E}.Debug|x86.ActiveCfg = Debug|Any CPU
		{D5679D9B-13B8-4369-9320-92707D3F175E}.Debug|x86.Build.0 = Debug|Any CPU
		{D5679D9B-13B8-4369-9320-92707D3F175E}.Release|x86.ActiveCfg = Release|Any CPU
		{D5679D9B-13B8-4369-9320-92707D3F175E}.Release|x86.Build.0 = Release|Any CPU
		{DE0E927C-B15F-4C8C-B26F-BC618F85F4C6}.Debug|x86.ActiveCfg = Debug|Any CPU
		{DE0E927C-B15F-4C8C-B26F-BC618F85F4C6}.Debug|x86.Build.0 = Debug|Any CPU
		{DE0E927C-B15F-4C8C-B26F-BC618F85F4C6}.Release|x86.ActiveCfg = Release|Any CPU
		{DE0E927C-B15F-4C8C-B26F-BC618F85F4C6}.Release|x86.Build.0 = Release|Any CPU
		{E7A8C1A8-33A9-466A-8964-C9935E8776BF}.Debug|x86.ActiveCfg = Debug|Any CPU
		{E7A8C1A8-33A9-466A-8964-C9935E8776BF}.Debug|x86.Build.0 = Debug|Any CPU
		{E7A8C1A8-33A9-466A-8964-C9935E8776BF}.Release|x86.ActiveCfg = Release|Any CPU
		{E7A8C1A8-33A9-466A-8964-C9935E8776BF}.Release|x86.Build.0 = Release|Any CPU
		{F1CADCC4-1603-426B-B1A5-B60F310897C5}.Debug|x86.ActiveCfg = Debug|Any CPU
		{F1CADCC4-1603-426B-B1A5-B60F310897C5}.Debug|x86.Build.0 = Debug|Any CPU
		{F1CADCC4-1603-426B-B1A5-B60F310897C5}.Release|x86.ActiveCfg = Release|Any CPU
		{F1CADCC4-1603-426B-B1A5-B60F310897C5}.Release|x86.Build.0 = Release|Any CPU
		{F5906E26-64FC-4968-9A30-8C57BF44A4D7}.Debug|x86.ActiveCfg = Debug|Any CPU
		{F5906E26-64FC-4968-9A30-8C57BF44A4D7}.Debug|x86.Build.0 = Debug|Any CPU
		{F5906E26-64FC-4968-9A30-8C57BF44A4D7}.Release|x86.ActiveCfg = Release|Any CPU
		{F5906E26-64FC-4968-9A30-8C57BF44A4D7}.Release|x86.Build.0 = Release|Any CPU
		{F6EA2E8B-FBB9-4386-ACA2-506419BB00BE}.Debug|x86.ActiveCfg = Debug|Any CPU
		{F6EA2E8B-FBB9-4386-ACA2-506419BB00BE}.Debug|x86.Build.0 = Debug|Any CPU
		{F6EA2E8B-FBB9-4386-ACA2-506419BB00BE}.Release|x86.ActiveCfg = Release|Any CPU
		{F6EA2E8B-FBB9-4386-ACA2-506419BB00BE}.Release|x86.Build.0 = Release|Any CPU
		{FC3836A0-1FD7-466F-B415-18B344E424C2}.Debug|x86.ActiveCfg = Debug|Any CPU
		{FC3836A0-1FD7-466F-B415-18B344E424C2}.Debug|x86.Build.0 = Debug|Any CPU
		{FC3836A0-1FD7-466F-B415-18B344E424C2}.Release|x86.ActiveCfg = Release|Any CPU
		{FC3836A0-1FD7-466F-B415-18B344E424C2}.Release|x86.Build.0 = Release|Any CPU
		{FD95AF1A-F8EF-4FB2-A648-2558D083E29E}.Debug|x86.ActiveCfg = Debug|Any CPU
		{FD95AF1A-F8EF-4FB2-A648-2558D083E29E}.Debug|x86.Build.0 = Debug|Any CPU
		{FD95AF1A-F8EF-4FB2-A648-2558D083E29E}.Release|x86.ActiveCfg = Release|Any CPU
		{FD95AF1A-F8EF-4FB2-A648-2558D083E29E}.Release|x86.Build.0 = Release|Any CPU
	EndGlobalSection
	GlobalSection(NestedProjects) = preSolution
	EndGlobalSection
	GlobalSection(MonoDevelopProperties) = preSolution
		StartupItem = MapReduce-for-HPE\MapReduce-for-HPE.csproj
	EndGlobalSection
EndGlobal
